
Microsoft Visual Studio Solution File, Format Version 12.00
# Visual Studio Version 16
VisualStudioVersion = 16.0.29519.87
MinimumVisualStudioVersion = 10.0.40219.1
Project("{FAE04EC0-301F-11D3-BF4B-00C04F79EFBC}") = "Test2.4", "Test2.4\Test2.4.csproj", "{476BC876-2557-438C-BE13-09D6414FADB3}"
EndProject
Global
	GlobalSection(SolutionConfigurationPlatforms) = preSolution
		Debug|Any CPU = Debug|Any CPU
		Release|Any CPU = Release|Any CPU
	EndGlobalSection
	GlobalSection(ProjectConfigurationPlatforms) = postSolution
		{476BC876-2557-438C-BE13-09D6414FADB3}.Debug|Any CPU.ActiveCfg = Debug|Any CPU
		{476BC876-2557-438C-BE13-09D6414FADB3}.Debug|Any CPU.Build.0 = Debug|Any CPU
		{476BC876-2557-438C-BE13-09D6414FADB3}.Release|Any CPU.ActiveCfg = Release|Any CPU
		{476BC876-2557-438C-BE13-09D6414FADB3}.Release|Any CPU.Build.0 = Release|Any CPU
	EndGlobalSection
	GlobalSection(SolutionProperties) = preSolution
		HideSolutionNode = FALSE
	EndGlobalSection
	GlobalSection(ExtensibilityGlobals) = postSolution
		SolutionGuid = {B8B6D907-D676-4843-A451-5FAD02D49653}
	EndGlobalSection
EndGlobal
