
Microsoft Visual Studio Solution File, Format Version 12.00
# Visual Studio Version 16
VisualStudioVersion = 16.0.29519.87
MinimumVisualStudioVersion = 10.0.40219.1
Project("{FAE04EC0-301F-11D3-BF4B-00C04F79EFBC}") = "Test2.3", "Test2.3\Test2.3.csproj", "{019297FF-6999-49BD-8B88-A1CA5EED9744}"
EndProject
Global
	GlobalSection(SolutionConfigurationPlatforms) = preSolution
		Debug|Any CPU = Debug|Any CPU
		Release|Any CPU = Release|Any CPU
	EndGlobalSection
	GlobalSection(ProjectConfigurationPlatforms) = postSolution
		{019297FF-6999-49BD-8B88-A1CA5EED9744}.Debug|Any CPU.ActiveCfg = Debug|Any CPU
		{019297FF-6999-49BD-8B88-A1CA5EED9744}.Debug|Any CPU.Build.0 = Debug|Any CPU
		{019297FF-6999-49BD-8B88-A1CA5EED9744}.Release|Any CPU.ActiveCfg = Release|Any CPU
		{019297FF-6999-49BD-8B88-A1CA5EED9744}.Release|Any CPU.Build.0 = Release|Any CPU
	EndGlobalSection
	GlobalSection(SolutionProperties) = preSolution
		HideSolutionNode = FALSE
	EndGlobalSection
	GlobalSection(ExtensibilityGlobals) = postSolution
		SolutionGuid = {7A8FE43B-FEC1-4D94-9C59-0A50C3681CB6}
	EndGlobalSection
EndGlobal
